
Microsoft Visual Studio Solution File, Format Version 12.00
# Visual Studio Version 17
VisualStudioVersion = 17.2.32526.322
MinimumVisualStudioVersion = 10.0.40219.1
Project("{FAE04EC0-301F-11D3-BF4B-00C04F79EFBC}") = "BE-CRUDMascotas", "BE-CRUDMascotas\BE-CRUDMascotas.csproj", "{F265960C-BECA-4CDA-9D92-EF625F778EFD}"
EndProject
Global
	GlobalSection(SolutionConfigurationPlatforms) = preSolution
		Debug|Any CPU = Debug|Any CPU
		Release|Any CPU = Release|Any CPU
	EndGlobalSection
	GlobalSection(ProjectConfigurationPlatforms) = postSolution
		{F265960C-BECA-4CDA-9D92-EF625F778EFD}.Debug|Any CPU.ActiveCfg = Debug|Any CPU
		{F265960C-BECA-4CDA-9D92-EF625F778EFD}.Debug|Any CPU.Build.0 = Debug|Any CPU
		{F265960C-BECA-4CDA-9D92-EF625F778EFD}.Release|Any CPU.ActiveCfg = Release|Any CPU
		{F265960C-BECA-4CDA-9D92-EF625F778EFD}.Release|Any CPU.Build.0 = Release|Any CPU
	EndGlobalSection
	GlobalSection(SolutionProperties) = preSolution
		HideSolutionNode = FALSE
	EndGlobalSection
	GlobalSection(ExtensibilityGlobals) = postSolution
		SolutionGuid = {4B0E3293-0BB9-4691-BE87-F7C5C2A571BD}
	EndGlobalSection
EndGlobal
